// !$*UTF8*$!
{
	archiveVersion = 1;
	classes = {
	};
	objectVersion = 46;
	objects = {

/* Begin PBXBuildFile section */
		548627AF1DEE278D001F9174 /* Framing.framework in Frameworks */ = {isa = PBXBuildFile; fileRef = 548627A51DEE278D001F9174 /* Framing.framework */; };
		548627B41DEE278D001F9174 /* FramingTests.swift in Sources */ = {isa = PBXBuildFile; fileRef = 548627B31DEE278D001F9174 /* FramingTests.swift */; };
		548627B61DEE278D001F9174 /* Framing.h in Headers */ = {isa = PBXBuildFile; fileRef = 548627A81DEE278D001F9174 /* Framing.h */; settings = {ATTRIBUTES = (Public, ); }; };
		548627C01DEE28B0001F9174 /* Frame.swift in Sources */ = {isa = PBXBuildFile; fileRef = 548627BF1DEE28B0001F9174 /* Frame.swift */; };
/* End PBXBuildFile section */

/* Begin PBXContainerItemProxy section */
		548627B01DEE278D001F9174 /* PBXContainerItemProxy */ = {
			isa = PBXContainerItemProxy;
			containerPortal = 5486279C1DEE278D001F9174 /* Project object */;
			proxyType = 1;
			remoteGlobalIDString = 548627A41DEE278D001F9174;
			remoteInfo = Framing;
		};
/* End PBXContainerItemProxy section */

/* Begin PBXFileReference section */
		548627A51DEE278D001F9174 /* Framing.framework */ = {isa = PBXFileReference; explicitFileType = wrapper.framework; includeInIndex = 0; path = Framing.framework; sourceTree = BUILT_PRODUCTS_DIR; };
		548627A81DEE278D001F9174 /* Framing.h */ = {isa = PBXFileReference; lastKnownFileType = sourcecode.c.h; path = Framing.h; sourceTree = "<group>"; };
		548627A91DEE278D001F9174 /* Info.plist */ = {isa = PBXFileReference; lastKnownFileType = text.plist.xml; path = Info.plist; sourceTree = "<group>"; };
		548627AE1DEE278D001F9174 /* FramingTests.xctest */ = {isa = PBXFileReference; explicitFileType = wrapper.cfbundle; includeInIndex = 0; path = FramingTests.xctest; sourceTree = BUILT_PRODUCTS_DIR; };
		548627B31DEE278D001F9174 /* FramingTests.swift */ = {isa = PBXFileReference; lastKnownFileType = sourcecode.swift; path = FramingTests.swift; sourceTree = "<group>"; };
		548627B51DEE278D001F9174 /* Info.plist */ = {isa = PBXFileReference; lastKnownFileType = text.plist.xml; path = Info.plist; sourceTree = "<group>"; };
		548627BF1DEE28B0001F9174 /* Frame.swift */ = {isa = PBXFileReference; fileEncoding = 4; lastKnownFileType = sourcecode.swift; path = Frame.swift; sourceTree = "<group>"; };
/* End PBXFileReference section */

/* Begin PBXFrameworksBuildPhase section */
		548627A11DEE278D001F9174 /* Frameworks */ = {
			isa = PBXFrameworksBuildPhase;
			buildActionMask = 2147483647;
			files = (
			);
			runOnlyForDeploymentPostprocessing = 0;
		};
		548627AB1DEE278D001F9174 /* Frameworks */ = {
			isa = PBXFrameworksBuildPhase;
			buildActionMask = 2147483647;
			files = (
				548627AF1DEE278D001F9174 /* Framing.framework in Frameworks */,
			);
			runOnlyForDeploymentPostprocessing = 0;
		};
/* End PBXFrameworksBuildPhase section */

/* Begin PBXGroup section */
		5486279B1DEE278D001F9174 = {
			isa = PBXGroup;
			children = (
				548627A71DEE278D001F9174 /* Framing */,
				548627B21DEE278D001F9174 /* FramingTests */,
				548627A61DEE278D001F9174 /* Products */,
			);
			sourceTree = "<group>";
		};
		548627A61DEE278D001F9174 /* Products */ = {
			isa = PBXGroup;
			children = (
				548627A51DEE278D001F9174 /* Framing.framework */,
				548627AE1DEE278D001F9174 /* FramingTests.xctest */,
			);
			name = Products;
			sourceTree = "<group>";
		};
		548627A71DEE278D001F9174 /* Framing */ = {
			isa = PBXGroup;
			children = (
				548627A81DEE278D001F9174 /* Framing.h */,
				548627A91DEE278D001F9174 /* Info.plist */,
				548627BF1DEE28B0001F9174 /* Frame.swift */,
			);
			path = Framing;
			sourceTree = "<group>";
		};
		548627B21DEE278D001F9174 /* FramingTests */ = {
			isa = PBXGroup;
			children = (
				548627B31DEE278D001F9174 /* FramingTests.swift */,
				548627B51DEE278D001F9174 /* Info.plist */,
			);
			path = FramingTests;
			sourceTree = "<group>";
		};
/* End PBXGroup section */

/* Begin PBXHeadersBuildPhase section */
		548627A21DEE278D001F9174 /* Headers */ = {
			isa = PBXHeadersBuildPhase;
			buildActionMask = 2147483647;
			files = (
				548627B61DEE278D001F9174 /* Framing.h in Headers */,
			);
			runOnlyForDeploymentPostprocessing = 0;
		};
/* End PBXHeadersBuildPhase section */

/* Begin PBXNativeTarget section */
		548627A41DEE278D001F9174 /* Framing */ = {
			isa = PBXNativeTarget;
			buildConfigurationList = 548627B91DEE278D001F9174 /* Build configuration list for PBXNativeTarget "Framing" */;
			buildPhases = (
				548627A01DEE278D001F9174 /* Sources */,
				548627A11DEE278D001F9174 /* Frameworks */,
				548627A21DEE278D001F9174 /* Headers */,
				548627A31DEE278D001F9174 /* Resources */,
			);
			buildRules = (
			);
			dependencies = (
			);
			name = Framing;
			productName = Framing;
			productReference = 548627A51DEE278D001F9174 /* Framing.framework */;
			productType = "com.apple.product-type.framework";
		};
		548627AD1DEE278D001F9174 /* FramingTests */ = {
			isa = PBXNativeTarget;
			buildConfigurationList = 548627BC1DEE278D001F9174 /* Build configuration list for PBXNativeTarget "FramingTests" */;
			buildPhases = (
				548627AA1DEE278D001F9174 /* Sources */,
				548627AB1DEE278D001F9174 /* Frameworks */,
				548627AC1DEE278D001F9174 /* Resources */,
			);
			buildRules = (
			);
			dependencies = (
				548627B11DEE278D001F9174 /* PBXTargetDependency */,
			);
			name = FramingTests;
			productName = FramingTests;
			productReference = 548627AE1DEE278D001F9174 /* FramingTests.xctest */;
			productType = "com.apple.product-type.bundle.unit-test";
		};
/* End PBXNativeTarget section */

/* Begin PBXProject section */
		5486279C1DEE278D001F9174 /* Project object */ = {
			isa = PBXProject;
			attributes = {
				LastSwiftUpdateCheck = 0810;
				LastUpgradeCheck = 0810;
				ORGANIZATIONNAME = ncreated;
				TargetAttributes = {
					548627A41DEE278D001F9174 = {
						CreatedOnToolsVersion = 8.1;
						LastSwiftMigration = 0810;
						ProvisioningStyle = Automatic;
					};
					548627AD1DEE278D001F9174 = {
						CreatedOnToolsVersion = 8.1;
						ProvisioningStyle = Automatic;
					};
				};
			};
			buildConfigurationList = 5486279F1DEE278D001F9174 /* Build configuration list for PBXProject "Framing" */;
			compatibilityVersion = "Xcode 3.2";
			developmentRegion = English;
			hasScannedForEncodings = 0;
			knownRegions = (
				en,
			);
			mainGroup = 5486279B1DEE278D001F9174;
			productRefGroup = 548627A61DEE278D001F9174 /* Products */;
			projectDirPath = "";
			projectRoot = "";
			targets = (
				548627A41DEE278D001F9174 /* Framing */,
				548627AD1DEE278D001F9174 /* FramingTests */,
			);
		};
/* End PBXProject section */

/* Begin PBXResourcesBuildPhase section */
		548627A31DEE278D001F9174 /* Resources */ = {
			isa = PBXResourcesBuildPhase;
			buildActionMask = 2147483647;
			files = (
			);
			runOnlyForDeploymentPostprocessing = 0;
		};
		548627AC1DEE278D001F9174 /* Resources */ = {
			isa = PBXResourcesBuildPhase;
			buildActionMask = 2147483647;
			files = (
			);
			runOnlyForDeploymentPostprocessing = 0;
		};
/* End PBXResourcesBuildPhase section */

/* Begin PBXSourcesBuildPhase section */
		548627A01DEE278D001F9174 /* Sources */ = {
			isa = PBXSourcesBuildPhase;
			buildActionMask = 2147483647;
			files = (
				548627C01DEE28B0001F9174 /* Frame.swift in Sources */,
			);
			runOnlyForDeploymentPostprocessing = 0;
		};
		548627AA1DEE278D001F9174 /* Sources */ = {
			isa = PBXSourcesBuildPhase;
			buildActionMask = 2147483647;
			files = (
				548627B41DEE278D001F9174 /* FramingTests.swift in Sources */,
			);
			runOnlyForDeploymentPostprocessing = 0;
		};
/* End PBXSourcesBuildPhase section */

/* Begin PBXTargetDependency section */
		548627B11DEE278D001F9174 /* PBXTargetDependency */ = {
			isa = PBXTargetDependency;
			target = 548627A41DEE278D001F9174 /* Framing */;
			targetProxy = 548627B01DEE278D001F9174 /* PBXContainerItemProxy */;
		};
/* End PBXTargetDependency section */

/* Begin XCBuildConfiguration section */
		548627B71DEE278D001F9174 /* Debug */ = {
			isa = XCBuildConfiguration;
			buildSettings = {
				ALWAYS_SEARCH_USER_PATHS = NO;
				CLANG_ANALYZER_NONNULL = YES;
				CLANG_CXX_LANGUAGE_STANDARD = "gnu++0x";
				CLANG_CXX_LIBRARY = "libc++";
				CLANG_ENABLE_MODULES = YES;
				CLANG_ENABLE_OBJC_ARC = YES;
				CLANG_WARN_BOOL_CONVERSION = YES;
				CLANG_WARN_CONSTANT_CONVERSION = YES;
				CLANG_WARN_DIRECT_OBJC_ISA_USAGE = YES_ERROR;
				CLANG_WARN_DOCUMENTATION_COMMENTS = YES;
				CLANG_WARN_EMPTY_BODY = YES;
				CLANG_WARN_ENUM_CONVERSION = YES;
				CLANG_WARN_INFINITE_RECURSION = YES;
				CLANG_WARN_INT_CONVERSION = YES;
				CLANG_WARN_OBJC_ROOT_CLASS = YES_ERROR;
				CLANG_WARN_SUSPICIOUS_MOVES = YES;
				CLANG_WARN_UNREACHABLE_CODE = YES;
				CLANG_WARN__DUPLICATE_METHOD_MATCH = YES;
				"CODE_SIGN_IDENTITY[sdk=iphoneos*]" = "iPhone Developer";
				COPY_PHASE_STRIP = NO;
				CURRENT_PROJECT_VERSION = 1;
				DEBUG_INFORMATION_FORMAT = dwarf;
				ENABLE_STRICT_OBJC_MSGSEND = YES;
				ENABLE_TESTABILITY = YES;
				GCC_C_LANGUAGE_STANDARD = gnu99;
				GCC_DYNAMIC_NO_PIC = NO;
				GCC_NO_COMMON_BLOCKS = YES;
				GCC_OPTIMIZATION_LEVEL = 0;
				GCC_PREPROCESSOR_DEFINITIONS = (
					"DEBUG=1",
					"$(inherited)",
				);
				GCC_WARN_64_TO_32_BIT_CONVERSION = YES;
				GCC_WARN_ABOUT_RETURN_TYPE = YES_ERROR;
				GCC_WARN_UNDECLARED_SELECTOR = YES;
				GCC_WARN_UNINITIALIZED_AUTOS = YES_AGGRESSIVE;
				GCC_WARN_UNUSED_FUNCTION = YES;
				GCC_WARN_UNUSED_VARIABLE = YES;
				IPHONEOS_DEPLOYMENT_TARGET = 10.1;
				MTL_ENABLE_DEBUG_INFO = YES;
				ONLY_ACTIVE_ARCH = YES;
				SDKROOT = iphoneos;
				SWIFT_ACTIVE_COMPILATION_CONDITIONS = DEBUG;
				SWIFT_OPTIMIZATION_LEVEL = "-Onone";
				TARGETED_DEVICE_FAMILY = "1,2";
				VERSIONING_SYSTEM = "apple-generic";
				VERSION_INFO_PREFIX = "";
			};
			name = Debug;
		};
		548627B81DEE278D001F9174 /* Release */ = {
			isa = XCBuildConfiguration;
			buildSettings = {
				ALWAYS_SEARCH_USER_PATHS = NO;
				CLANG_ANALYZER_NONNULL = YES;
				CLANG_CXX_LANGUAGE_STANDARD = "gnu++0x";
				CLANG_CXX_LIBRARY = "libc++";
				CLANG_ENABLE_MODULES = YES;
				CLANG_ENABLE_OBJC_ARC = YES;
				CLANG_WARN_BOOL_CONVERSION = YES;
				CLANG_WARN_CONSTANT_CONVERSION = YES;
				CLANG_WARN_DIRECT_OBJC_ISA_USAGE = YES_ERROR;
				CLANG_WARN_DOCUMENTATION_COMMENTS = YES;
				CLANG_WARN_EMPTY_BODY = YES;
				CLANG_WARN_ENUM_CONVERSION = YES;
				CLANG_WARN_INFINITE_RECURSION = YES;
				CLANG_WARN_INT_CONVERSION = YES;
				CLANG_WARN_OBJC_ROOT_CLASS = YES_ERROR;
				CLANG_WARN_SUSPICIOUS_MOVES = YES;
				CLANG_WARN_UNREACHABLE_CODE = YES;
				CLANG_WARN__DUPLICATE_METHOD_MATCH = YES;
				"CODE_SIGN_IDENTITY[sdk=iphoneos*]" = "iPhone Developer";
				COPY_PHASE_STRIP = NO;
				CURRENT_PROJECT_VERSION = 1;
				DEBUG_INFORMATION_FORMAT = "dwarf-with-dsym";
				ENABLE_NS_ASSERTIONS = NO;
				ENABLE_STRICT_OBJC_MSGSEND = YES;
				GCC_C_LANGUAGE_STANDARD = gnu99;
				GCC_NO_COMMON_BLOCKS = YES;
				GCC_WARN_64_TO_32_BIT_CONVERSION = YES;
				GCC_WARN_ABOUT_RETURN_TYPE = YES_ERROR;
				GCC_WARN_UNDECLARED_SELECTOR = YES;
				GCC_WARN_UNINITIALIZED_AUTOS = YES_AGGRESSIVE;
				GCC_WARN_UNUSED_FUNCTION = YES;
				GCC_WARN_UNUSED_VARIABLE = YES;
				IPHONEOS_DEPLOYMENT_TARGET = 10.1;
				MTL_ENABLE_DEBUG_INFO = NO;
				SDKROOT = iphoneos;
				SWIFT_OPTIMIZATION_LEVEL = "-Owholemodule";
				TARGETED_DEVICE_FAMILY = "1,2";
				VALIDATE_PRODUCT = YES;
				VERSIONING_SYSTEM = "apple-generic";
				VERSION_INFO_PREFIX = "";
			};
			name = Release;
		};
		548627BA1DEE278D001F9174 /* Debug */ = {
			isa = XCBuildConfiguration;
			buildSettings = {
				CLANG_ENABLE_MODULES = YES;
				CODE_SIGN_IDENTITY = "";
				DEFINES_MODULE = YES;
				DYLIB_COMPATIBILITY_VERSION = 1;
				DYLIB_CURRENT_VERSION = 1;
				DYLIB_INSTALL_NAME_BASE = "@rpath";
				INFOPLIST_FILE = Framing/Info.plist;
				INSTALL_PATH = "$(LOCAL_LIBRARY_DIR)/Frameworks";
				LD_RUNPATH_SEARCH_PATHS = "$(inherited) @executable_path/Frameworks @loader_path/Frameworks";
				PRODUCT_BUNDLE_IDENTIFIER = com.ncreated.Framing;
				PRODUCT_NAME = "$(TARGET_NAME)";
				SKIP_INSTALL = YES;
				SWIFT_OPTIMIZATION_LEVEL = "-Onone";
				SWIFT_VERSION = 3.0;
			};
			name = Debug;
		};
		548627BB1DEE278D001F9174 /* Release */ = {
			isa = XCBuildConfiguration;
			buildSettings = {
				CLANG_ENABLE_MODULES = YES;
				CODE_SIGN_IDENTITY = "";
				DEFINES_MODULE = YES;
				DYLIB_COMPATIBILITY_VERSION = 1;
				DYLIB_CURRENT_VERSION = 1;
				DYLIB_INSTALL_NAME_BASE = "@rpath";
				INFOPLIST_FILE = Framing/Info.plist;
				INSTALL_PATH = "$(LOCAL_LIBRARY_DIR)/Frameworks";
				LD_RUNPATH_SEARCH_PATHS = "$(inherited) @executable_path/Frameworks @loader_path/Frameworks";
				PRODUCT_BUNDLE_IDENTIFIER = com.ncreated.Framing;
				PRODUCT_NAME = "$(TARGET_NAME)";
				SKIP_INSTALL = YES;
				SWIFT_VERSION = 3.0;
			};
			name = Release;
		};
		548627BD1DEE278D001F9174 /* Debug */ = {
			isa = XCBuildConfiguration;
			buildSettings = {
				ALWAYS_EMBED_SWIFT_STANDARD_LIBRARIES = YES;
				INFOPLIST_FILE = FramingTests/Info.plist;
				LD_RUNPATH_SEARCH_PATHS = "$(inherited) @executable_path/Frameworks @loader_path/Frameworks";
				PRODUCT_BUNDLE_IDENTIFIER = com.ncreated.FramingTests;
				PRODUCT_NAME = "$(TARGET_NAME)";
				SWIFT_VERSION = 3.0;
			};
			name = Debug;
		};
		548627BE1DEE278D001F9174 /* Release */ = {
			isa = XCBuildConfiguration;
			buildSettings = {
				ALWAYS_EMBED_SWIFT_STANDARD_LIBRARIES = YES;
				INFOPLIST_FILE = FramingTests/Info.plist;
				LD_RUNPATH_SEARCH_PATHS = "$(inherited) @executable_path/Frameworks @loader_path/Frameworks";
				PRODUCT_BUNDLE_IDENTIFIER = com.ncreated.FramingTests;
				PRODUCT_NAME = "$(TARGET_NAME)";
				SWIFT_VERSION = 3.0;
			};
			name = Release;
		};
/* End XCBuildConfiguration section */

/* Begin XCConfigurationList section */
		5486279F1DEE278D001F9174 /* Build configuration list for PBXProject "Framing" */ = {
			isa = XCConfigurationList;
			buildConfigurations = (
				548627B71DEE278D001F9174 /* Debug */,
				548627B81DEE278D001F9174 /* Release */,
			);
			defaultConfigurationIsVisible = 0;
			defaultConfigurationName = Release;
		};
		548627B91DEE278D001F9174 /* Build configuration list for PBXNativeTarget "Framing" */ = {
			isa = XCConfigurationList;
			buildConfigurations = (
				548627BA1DEE278D001F9174 /* Debug */,
				548627BB1DEE278D001F9174 /* Release */,
			);
			defaultConfigurationIsVisible = 0;
		};
		548627BC1DEE278D001F9174 /* Build configuration list for PBXNativeTarget "FramingTests" */ = {
			isa = XCConfigurationList;
			buildConfigurations = (
				548627BD1DEE278D001F9174 /* Debug */,
				548627BE1DEE278D001F9174 /* Release */,
			);
			defaultConfigurationIsVisible = 0;
		};
/* End XCConfigurationList section */
	};
	rootObject = 5486279C1DEE278D001F9174 /* Project object */;
}
